
Microsoft Visual Studio Solution File, Format Version 12.00
# Visual Studio 14
VisualStudioVersion = 14.0.25123.0
MinimumVisualStudioVersion = 10.0.40219.1
Project("{FAE04EC0-301F-11D3-BF4B-00C04F79EFBC}") = "CourseProject", "CourseProject\CourseProject.csproj", "{51E2649C-D40D-4B3D-9AE5-EE9329DEE1D2}"
EndProject
Project("{FAE04EC0-301F-11D3-BF4B-00C04F79EFBC}") = "CourseProject.Models", "CourseProject.Models\CourseProject.Models.csproj", "{0A7F4C3B-7070-4992-A1BB-B4675CB06BCC}"
EndProject
Project("{FAE04EC0-301F-11D3-BF4B-00C04F79EFBC}") = "CourseProject.Data", "CourseProject.Data\CourseProject.Data.csproj", "{2071C563-B6CA-4934-8BBF-652E79750872}"
EndProject
Project("{FAE04EC0-301F-11D3-BF4B-00C04F79EFBC}") = "CourseProject.Common", "CourseProject.Common\CourseProject.Common.csproj", "{6F98466C-41DA-47DD-8C9D-085DB3246832}"
EndProject
Project("{FAE04EC0-301F-11D3-BF4B-00C04F79EFBC}") = "CourseProject.Services", "CourseProjectServices\CourseProject.Services.csproj", "{82280178-53B2-4C33-ADB2-DB51CEB53DA8}"
EndProject
Global
	GlobalSection(SolutionConfigurationPlatforms) = preSolution
		Debug|Any CPU = Debug|Any CPU
		Release|Any CPU = Release|Any CPU
	EndGlobalSection
	GlobalSection(ProjectConfigurationPlatforms) = postSolution
		{51E2649C-D40D-4B3D-9AE5-EE9329DEE1D2}.Debug|Any CPU.ActiveCfg = Debug|Any CPU
		{51E2649C-D40D-4B3D-9AE5-EE9329DEE1D2}.Debug|Any CPU.Build.0 = Debug|Any CPU
		{51E2649C-D40D-4B3D-9AE5-EE9329DEE1D2}.Release|Any CPU.ActiveCfg = Release|Any CPU
		{51E2649C-D40D-4B3D-9AE5-EE9329DEE1D2}.Release|Any CPU.Build.0 = Release|Any CPU
		{0A7F4C3B-7070-4992-A1BB-B4675CB06BCC}.Debug|Any CPU.ActiveCfg = Debug|Any CPU
		{0A7F4C3B-7070-4992-A1BB-B4675CB06BCC}.Debug|Any CPU.Build.0 = Debug|Any CPU
		{0A7F4C3B-7070-4992-A1BB-B4675CB06BCC}.Release|Any CPU.ActiveCfg = Release|Any CPU
		{0A7F4C3B-7070-4992-A1BB-B4675CB06BCC}.Release|Any CPU.Build.0 = Release|Any CPU
		{2071C563-B6CA-4934-8BBF-652E79750872}.Debug|Any CPU.ActiveCfg = Debug|Any CPU
		{2071C563-B6CA-4934-8BBF-652E79750872}.Debug|Any CPU.Build.0 = Debug|Any CPU
		{2071C563-B6CA-4934-8BBF-652E79750872}.Release|Any CPU.ActiveCfg = Release|Any CPU
		{2071C563-B6CA-4934-8BBF-652E79750872}.Release|Any CPU.Build.0 = Release|Any CPU
		{6F98466C-41DA-47DD-8C9D-085DB3246832}.Debug|Any CPU.ActiveCfg = Debug|Any CPU
		{6F98466C-41DA-47DD-8C9D-085DB3246832}.Debug|Any CPU.Build.0 = Debug|Any CPU
		{6F98466C-41DA-47DD-8C9D-085DB3246832}.Release|Any CPU.ActiveCfg = Release|Any CPU
		{6F98466C-41DA-47DD-8C9D-085DB3246832}.Release|Any CPU.Build.0 = Release|Any CPU
		{82280178-53B2-4C33-ADB2-DB51CEB53DA8}.Debug|Any CPU.ActiveCfg = Debug|Any CPU
		{82280178-53B2-4C33-ADB2-DB51CEB53DA8}.Debug|Any CPU.Build.0 = Debug|Any CPU
		{82280178-53B2-4C33-ADB2-DB51CEB53DA8}.Release|Any CPU.ActiveCfg = Release|Any CPU
		{82280178-53B2-4C33-ADB2-DB51CEB53DA8}.Release|Any CPU.Build.0 = Release|Any CPU
	EndGlobalSection
	GlobalSection(SolutionProperties) = preSolution
		HideSolutionNode = FALSE
	EndGlobalSection
EndGlobal
